
Microsoft Visual Studio Solution File, Format Version 12.00
# Visual Studio 15
VisualStudioVersion = 15.0.27130.2024
MinimumVisualStudioVersion = 10.0.40219.1
Project("{FAE04EC0-301F-11D3-BF4B-00C04F79EFBC}") = "VRCheat", "VRCheat\VRCheat.csproj", "{224A206D-F032-4BB0-80E2-FD8E6F8B0EEE}"
EndProject
Global
	GlobalSection(SolutionConfigurationPlatforms) = preSolution
		Debug|Any CPU = Debug|Any CPU
		Release|Any CPU = Release|Any CPU
	EndGlobalSection
	GlobalSection(ProjectConfigurationPlatforms) = postSolution
		{224A206D-F032-4BB0-80E2-FD8E6F8B0EEE}.Debug|Any CPU.ActiveCfg = Debug|Any CPU
		{224A206D-F032-4BB0-80E2-FD8E6F8B0EEE}.Debug|Any CPU.Build.0 = Debug|Any CPU
		{224A206D-F032-4BB0-80E2-FD8E6F8B0EEE}.Release|Any CPU.ActiveCfg = Release|Any CPU
		{224A206D-F032-4BB0-80E2-FD8E6F8B0EEE}.Release|Any CPU.Build.0 = Release|Any CPU
	EndGlobalSection
	GlobalSection(SolutionProperties) = preSolution
		HideSolutionNode = FALSE
	EndGlobalSection
	GlobalSection(ExtensibilityGlobals) = postSolution
		BuildVersion_DetectChanges = True
		BuildVersion_AssemblyInfoFilename = VRCheat\Properties\AssemblyInfo.cs
		BuildVersion_BuildVersioningStyle = None.None.DeltaBaseDateInDays.Increment
		BuildVersion_StartDate = 2000/1/1
		BuildVersion_UpdateFileVersion = True
		BuildVersion_UpdateAssemblyVersion = True
		SolutionGuid = {FF79C0F6-2BC7-4FDB-BF5E-44182D5126CC}
	EndGlobalSection
EndGlobal
